
Microsoft Visual Studio Solution File, Format Version 12.00
# Visual Studio 15
VisualStudioVersion = 15.0.26124.0
MinimumVisualStudioVersion = 15.0.26124.0
Project("{FAE04EC0-301F-11D3-BF4B-00C04F79EFBC}") = "NBrowse", "NBrowse\NBrowse.csproj", "{5AD556A9-C01D-4627-B1DF-D967BE46210A}"
EndProject
Project("{FAE04EC0-301F-11D3-BF4B-00C04F79EFBC}") = "NBrowse.CLI", "NBrowse.CLI\NBrowse.CLI.csproj", "{57BADFB8-8987-40F5-B464-FF0033809780}"
EndProject
Project("{FAE04EC0-301F-11D3-BF4B-00C04F79EFBC}") = "NBrowse.Test", "NBrowse.Test\NBrowse.Test.csproj", "{2C7DDE36-C5CD-4DF8-81BE-D577AEDF2C71}"
EndProject
Global
	GlobalSection(SolutionConfigurationPlatforms) = preSolution
		Debug|Any CPU = Debug|Any CPU
		Debug|x64 = Debug|x64
		Debug|x86 = Debug|x86
		Release|Any CPU = Release|Any CPU
		Release|x64 = Release|x64
		Release|x86 = Release|x86
	EndGlobalSection
	GlobalSection(SolutionProperties) = preSolution
		HideSolutionNode = FALSE
	EndGlobalSection
	GlobalSection(ProjectConfigurationPlatforms) = postSolution
		{5AD556A9-C01D-4627-B1DF-D967BE46210A}.Debug|Any CPU.ActiveCfg = Debug|Any CPU
		{5AD556A9-C01D-4627-B1DF-D967BE46210A}.Debug|Any CPU.Build.0 = Debug|Any CPU
		{5AD556A9-C01D-4627-B1DF-D967BE46210A}.Debug|x64.ActiveCfg = Debug|Any CPU
		{5AD556A9-C01D-4627-B1DF-D967BE46210A}.Debug|x64.Build.0 = Debug|Any CPU
		{5AD556A9-C01D-4627-B1DF-D967BE46210A}.Debug|x86.ActiveCfg = Debug|Any CPU
		{5AD556A9-C01D-4627-B1DF-D967BE46210A}.Debug|x86.Build.0 = Debug|Any CPU
		{5AD556A9-C01D-4627-B1DF-D967BE46210A}.Release|Any CPU.ActiveCfg = Release|Any CPU
		{5AD556A9-C01D-4627-B1DF-D967BE46210A}.Release|Any CPU.Build.0 = Release|Any CPU
		{5AD556A9-C01D-4627-B1DF-D967BE46210A}.Release|x64.ActiveCfg = Release|Any CPU
		{5AD556A9-C01D-4627-B1DF-D967BE46210A}.Release|x64.Build.0 = Release|Any CPU
		{5AD556A9-C01D-4627-B1DF-D967BE46210A}.Release|x86.ActiveCfg = Release|Any CPU
		{5AD556A9-C01D-4627-B1DF-D967BE46210A}.Release|x86.Build.0 = Release|Any CPU
		{57BADFB8-8987-40F5-B464-FF0033809780}.Debug|Any CPU.ActiveCfg = Debug|Any CPU
		{57BADFB8-8987-40F5-B464-FF0033809780}.Debug|Any CPU.Build.0 = Debug|Any CPU
		{57BADFB8-8987-40F5-B464-FF0033809780}.Debug|x64.ActiveCfg = Debug|Any CPU
		{57BADFB8-8987-40F5-B464-FF0033809780}.Debug|x64.Build.0 = Debug|Any CPU
		{57BADFB8-8987-40F5-B464-FF0033809780}.Debug|x86.ActiveCfg = Debug|Any CPU
		{57BADFB8-8987-40F5-B464-FF0033809780}.Debug|x86.Build.0 = Debug|Any CPU
		{57BADFB8-8987-40F5-B464-FF0033809780}.Release|Any CPU.ActiveCfg = Release|Any CPU
		{57BADFB8-8987-40F5-B464-FF0033809780}.Release|Any CPU.Build.0 = Release|Any CPU
		{57BADFB8-8987-40F5-B464-FF0033809780}.Release|x64.ActiveCfg = Release|Any CPU
		{57BADFB8-8987-40F5-B464-FF0033809780}.Release|x64.Build.0 = Release|Any CPU
		{57BADFB8-8987-40F5-B464-FF0033809780}.Release|x86.ActiveCfg = Release|Any CPU
		{57BADFB8-8987-40F5-B464-FF0033809780}.Release|x86.Build.0 = Release|Any CPU
		{2C7DDE36-C5CD-4DF8-81BE-D577AEDF2C71}.Debug|Any CPU.ActiveCfg = Debug|Any CPU
		{2C7DDE36-C5CD-4DF8-81BE-D577AEDF2C71}.Debug|Any CPU.Build.0 = Debug|Any CPU
		{2C7DDE36-C5CD-4DF8-81BE-D577AEDF2C71}.Debug|x64.ActiveCfg = Debug|Any CPU
		{2C7DDE36-C5CD-4DF8-81BE-D577AEDF2C71}.Debug|x64.Build.0 = Debug|Any CPU
		{2C7DDE36-C5CD-4DF8-81BE-D577AEDF2C71}.Debug|x86.ActiveCfg = Debug|Any CPU
		{2C7DDE36-C5CD-4DF8-81BE-D577AEDF2C71}.Debug|x86.Build.0 = Debug|Any CPU
		{2C7DDE36-C5CD-4DF8-81BE-D577AEDF2C71}.Release|Any CPU.ActiveCfg = Release|Any CPU
		{2C7DDE36-C5CD-4DF8-81BE-D577AEDF2C71}.Release|Any CPU.Build.0 = Release|Any CPU
		{2C7DDE36-C5CD-4DF8-81BE-D577AEDF2C71}.Release|x64.ActiveCfg = Release|Any CPU
		{2C7DDE36-C5CD-4DF8-81BE-D577AEDF2C71}.Release|x64.Build.0 = Release|Any CPU
		{2C7DDE36-C5CD-4DF8-81BE-D577AEDF2C71}.Release|x86.ActiveCfg = Release|Any CPU
		{2C7DDE36-C5CD-4DF8-81BE-D577AEDF2C71}.Release|x86.Build.0 = Release|Any CPU
	EndGlobalSection
EndGlobal
